
Microsoft Visual Studio Solution File, Format Version 12.00
# Visual Studio Version 17
VisualStudioVersion = 17.13.35825.156 d17.13
MinimumVisualStudioVersion = 10.0.40219.1
Project("{FAE04EC0-301F-11D3-BF4B-00C04F79EFBC}") = "WPF_APP_PR1", "WPF_APP_PR1\WPF_APP_PR1.csproj", "{25983FBB-EE7B-4837-A6C0-9EF7929A7775}"
EndProject
Global
	GlobalSection(SolutionConfigurationPlatforms) = preSolution
		Debug|Any CPU = Debug|Any CPU
		Release|Any CPU = Release|Any CPU
	EndGlobalSection
	GlobalSection(ProjectConfigurationPlatforms) = postSolution
		{25983FBB-EE7B-4837-A6C0-9EF7929A7775}.Debug|Any CPU.ActiveCfg = Debug|Any CPU
		{25983FBB-EE7B-4837-A6C0-9EF7929A7775}.Debug|Any CPU.Build.0 = Debug|Any CPU
		{25983FBB-EE7B-4837-A6C0-9EF7929A7775}.Release|Any CPU.ActiveCfg = Release|Any CPU
		{25983FBB-EE7B-4837-A6C0-9EF7929A7775}.Release|Any CPU.Build.0 = Release|Any CPU
	EndGlobalSection
	GlobalSection(SolutionProperties) = preSolution
		HideSolutionNode = FALSE
	EndGlobalSection
	GlobalSection(ExtensibilityGlobals) = postSolution
		SolutionGuid = {EE0DE014-8440-4DCE-9062-88FEFC24810E}
	EndGlobalSection
EndGlobal
